PODS:
  - AlicloudPDNS (2.2.1)
  - Flutter (1.0.0)
  - flutter_ali_http_dns (0.0.1):
    - AlicloudPDNS
    - Flutter
  - integration_test (0.0.1):
    - Flutter

DEPENDENCIES:
  - Flutter (from `Flutter`)
  - flutter_ali_http_dns (from `.symlinks/plugins/flutter_ali_http_dns/ios`)
  - integration_test (from `.symlinks/plugins/integration_test/ios`)

SPEC REPOS:
  trunk:
    - AlicloudPDNS

EXTERNAL SOURCES:
  Flutter:
    :path: Flutter
  flutter_ali_http_dns:
    :path: ".symlinks/plugins/flutter_ali_http_dns/ios"
  integration_test:
    :path: ".symlinks/plugins/integration_test/ios"

SPEC CHECKSUMS:
  AlicloudPDNS: 9851cb343872d7362167380f2cd1cc083b0cfa34
  Flutter: e0871f40cf51350855a761d2e70bf5af5b9b5de7
  flutter_ali_http_dns: cae13951ba2eab0aaa157c37d72ea6c7f971761c
  integration_test: d5929033778cc4991a187e4e1a85396fa4f59b3a

PODFILE CHECKSUM: 11f01f28c4100c171712a3ce66247b8d077a9f03

COCOAPODS: 1.16.2
